
Microsoft Visual Studio Solution File, Format Version 12.00
# Visual Studio Version 16
VisualStudioVersion = 16.0.30523.141
MinimumVisualStudioVersion = 10.0.40219.1
Project("{FAE04EC0-301F-11D3-BF4B-00C04F79EFBC}") = "WpfApp1", "WpfApp1\WpfApp1.csproj", "{3A9760D4-FBCA-4C22-92E4-B4CC5D79C6FF}"
EndProject
Global
	GlobalSection(SolutionConfigurationPlatforms) = preSolution
		Debug|Any CPU = Debug|Any CPU
		Release|Any CPU = Release|Any CPU
	EndGlobalSection
	GlobalSection(ProjectConfigurationPlatforms) = postSolution
		{3A9760D4-FBCA-4C22-92E4-B4CC5D79C6FF}.Debug|Any CPU.ActiveCfg = Debug|Any CPU
		{3A9760D4-FBCA-4C22-92E4-B4CC5D79C6FF}.Debug|Any CPU.Build.0 = Debug|Any CPU
		{3A9760D4-FBCA-4C22-92E4-B4CC5D79C6FF}.Release|Any CPU.ActiveCfg = Release|Any CPU
		{3A9760D4-FBCA-4C22-92E4-B4CC5D79C6FF}.Release|Any CPU.Build.0 = Release|Any CPU
	EndGlobalSection
	GlobalSection(SolutionProperties) = preSolution
		HideSolutionNode = FALSE
	EndGlobalSection
	GlobalSection(ExtensibilityGlobals) = postSolution
		SolutionGuid = {46124BBD-9100-40F9-96E7-2E15767FCA52}
	EndGlobalSection
EndGlobal
